
Microsoft Visual Studio Solution File, Format Version 12.00
# Visual Studio 15
VisualStudioVersion = 15.0.28307.572
MinimumVisualStudioVersion = 10.0.40219.1
Project("{FAE04EC0-301F-11D3-BF4B-00C04F79EFBC}") = "CamperBookingSystem", "CamperBookingSystem.csproj", "{DB61DD98-33E6-469E-9982-4F311A66D32E}"
EndProject
Global
	GlobalSection(SolutionConfigurationPlatforms) = preSolution
		Debug|Any CPU = Debug|Any CPU
		Release|Any CPU = Release|Any CPU
	EndGlobalSection
	GlobalSection(ProjectConfigurationPlatforms) = postSolution
		{DB61DD98-33E6-469E-9982-4F311A66D32E}.Debug|Any CPU.ActiveCfg = Debug|Any CPU
		{DB61DD98-33E6-469E-9982-4F311A66D32E}.Debug|Any CPU.Build.0 = Debug|Any CPU
		{DB61DD98-33E6-469E-9982-4F311A66D32E}.Release|Any CPU.ActiveCfg = Release|Any CPU
		{DB61DD98-33E6-469E-9982-4F311A66D32E}.Release|Any CPU.Build.0 = Release|Any CPU
	EndGlobalSection
	GlobalSection(SolutionProperties) = preSolution
		HideSolutionNode = FALSE
	EndGlobalSection
	GlobalSection(ExtensibilityGlobals) = postSolution
		SolutionGuid = {7FD68C14-F2E0-40B3-B872-D4CCE35119F2}
	EndGlobalSection
EndGlobal
